
Microsoft Visual Studio Solution File, Format Version 12.00
# Visual Studio 14
VisualStudioVersion = 14.0.25420.1
MinimumVisualStudioVersion = 10.0.40219.1
Project("{FAE04EC0-301F-11D3-BF4B-00C04F79EFBC}") = "Presentacion", "Presentacion\Presentacion.csproj", "{F00A2139-DDAC-4876-9541-4A84A2C5BE4F}"
EndProject
Project("{FAE04EC0-301F-11D3-BF4B-00C04F79EFBC}") = "Dominio", "Dominio\Dominio.csproj", "{CE67BDC2-8BFA-4492-8E06-0C7E9373D853}"
EndProject
Project("{FAE04EC0-301F-11D3-BF4B-00C04F79EFBC}") = "Negocio", "Negocio\Negocio.csproj", "{6692D6B5-0E37-4BD1-BD04-994669D4A86E}"
EndProject
Project("{FAE04EC0-301F-11D3-BF4B-00C04F79EFBC}") = "Repositorio", "Repositorio\Repositorio.csproj", "{8236EB21-D777-4CD6-8CD0-AC6F4DC04D07}"
EndProject
Global
	GlobalSection(SolutionConfigurationPlatforms) = preSolution
		Debug|Any CPU = Debug|Any CPU
		Release|Any CPU = Release|Any CPU
	EndGlobalSection
	GlobalSection(ProjectConfigurationPlatforms) = postSolution
		{F00A2139-DDAC-4876-9541-4A84A2C5BE4F}.Debug|Any CPU.ActiveCfg = Debug|Any CPU
		{F00A2139-DDAC-4876-9541-4A84A2C5BE4F}.Debug|Any CPU.Build.0 = Debug|Any CPU
		{F00A2139-DDAC-4876-9541-4A84A2C5BE4F}.Release|Any CPU.ActiveCfg = Release|Any CPU
		{F00A2139-DDAC-4876-9541-4A84A2C5BE4F}.Release|Any CPU.Build.0 = Release|Any CPU
		{CE67BDC2-8BFA-4492-8E06-0C7E9373D853}.Debug|Any CPU.ActiveCfg = Debug|Any CPU
		{CE67BDC2-8BFA-4492-8E06-0C7E9373D853}.Debug|Any CPU.Build.0 = Debug|Any CPU
		{CE67BDC2-8BFA-4492-8E06-0C7E9373D853}.Release|Any CPU.ActiveCfg = Release|Any CPU
		{CE67BDC2-8BFA-4492-8E06-0C7E9373D853}.Release|Any CPU.Build.0 = Release|Any CPU
		{6692D6B5-0E37-4BD1-BD04-994669D4A86E}.Debug|Any CPU.ActiveCfg = Debug|Any CPU
		{6692D6B5-0E37-4BD1-BD04-994669D4A86E}.Debug|Any CPU.Build.0 = Debug|Any CPU
		{6692D6B5-0E37-4BD1-BD04-994669D4A86E}.Release|Any CPU.ActiveCfg = Release|Any CPU
		{6692D6B5-0E37-4BD1-BD04-994669D4A86E}.Release|Any CPU.Build.0 = Release|Any CPU
		{8236EB21-D777-4CD6-8CD0-AC6F4DC04D07}.Debug|Any CPU.ActiveCfg = Debug|Any CPU
		{8236EB21-D777-4CD6-8CD0-AC6F4DC04D07}.Debug|Any CPU.Build.0 = Debug|Any CPU
		{8236EB21-D777-4CD6-8CD0-AC6F4DC04D07}.Release|Any CPU.ActiveCfg = Release|Any CPU
		{8236EB21-D777-4CD6-8CD0-AC6F4DC04D07}.Release|Any CPU.Build.0 = Release|Any CPU
	EndGlobalSection
	GlobalSection(SolutionProperties) = preSolution
		HideSolutionNode = FALSE
	EndGlobalSection
EndGlobal
